
Microsoft Visual Studio Solution File, Format Version 12.00
Project("{FAE04EC0-301F-11D3-BF4B-00C04F79EFBC}") = "YT-DLP-Updater", "YT-DLP-Updater\YT-DLP-Updater.csproj", "{C87EE61E-4A89-4645-BF98-FB8B01FE29F8}"
EndProject
Global
	GlobalSection(SolutionConfigurationPlatforms) = preSolution
		Debug|Any CPU = Debug|Any CPU
		Release|Any CPU = Release|Any CPU
	EndGlobalSection
	GlobalSection(ProjectConfigurationPlatforms) = postSolution
		{C87EE61E-4A89-4645-BF98-FB8B01FE29F8}.Debug|Any CPU.ActiveCfg = Debug|Any CPU
		{C87EE61E-4A89-4645-BF98-FB8B01FE29F8}.Debug|Any CPU.Build.0 = Debug|Any CPU
		{C87EE61E-4A89-4645-BF98-FB8B01FE29F8}.Release|Any CPU.ActiveCfg = Release|Any CPU
		{C87EE61E-4A89-4645-BF98-FB8B01FE29F8}.Release|Any CPU.Build.0 = Release|Any CPU
		{C87EE61E-4A89-4645-BF98-FB8B01FE29F8}.Release|Any CPU.Deploy.0 = Release|Any CPU
	EndGlobalSection
EndGlobal
